// !$*UTF8*$!
{
	archiveVersion = 1;
	classes = {
	};
	objectVersion = 50;
	objects = {

/* Begin PBXBuildFile section */
		FB14970226E5BBC60072FA6E /* CharacterObject+CoreDataClass.swift in Sources */ = {isa = PBXBuildFile; fileRef = FB1496FC26E5BBC60072FA6E /* CharacterObject+CoreDataClass.swift */; };
		FB14970326E5BBC60072FA6E /* CharacterObject+CoreDataProperties.swift in Sources */ = {isa = PBXBuildFile; fileRef = FB1496FD26E5BBC60072FA6E /* CharacterObject+CoreDataProperties.swift */; };
		FB14970426E5BBC60072FA6E /* LocationObject+CoreDataClass.swift in Sources */ = {isa = PBXBuildFile; fileRef = FB1496FE26E5BBC60072FA6E /* LocationObject+CoreDataClass.swift */; };
		FB14970526E5BBC60072FA6E /* LocationObject+CoreDataProperties.swift in Sources */ = {isa = PBXBuildFile; fileRef = FB1496FF26E5BBC60072FA6E /* LocationObject+CoreDataProperties.swift */; };
		FB14970626E5BBC60072FA6E /* EpisodeObject+CoreDataClass.swift in Sources */ = {isa = PBXBuildFile; fileRef = FB14970026E5BBC60072FA6E /* EpisodeObject+CoreDataClass.swift */; };
		FB14970726E5BBC60072FA6E /* EpisodeObject+CoreDataProperties.swift in Sources */ = {isa = PBXBuildFile; fileRef = FB14970126E5BBC60072FA6E /* EpisodeObject+CoreDataProperties.swift */; };
		FB1C9B81269B14CD00543F0A /* DetailViewController.swift in Sources */ = {isa = PBXBuildFile; fileRef = FB1C9B80269B14CD00543F0A /* DetailViewController.swift */; };
		FB1C9B84269B282600543F0A /* CharacterTableViewCell.swift in Sources */ = {isa = PBXBuildFile; fileRef = FB1C9B82269B282600543F0A /* CharacterTableViewCell.swift */; };
		FB1C9B85269B282600543F0A /* CharacterTableViewCell.xib in Resources */ = {isa = PBXBuildFile; fileRef = FB1C9B83269B282600543F0A /* CharacterTableViewCell.xib */; };
		FB1C9B89269B702700543F0A /* NetworkService.swift in Sources */ = {isa = PBXBuildFile; fileRef = FB1C9B88269B702700543F0A /* NetworkService.swift */; };
		FB2460A926CC78E500F0E8D5 /* NSManagedObject.swift in Sources */ = {isa = PBXBuildFile; fileRef = FB2460A826CC78E500F0E8D5 /* NSManagedObject.swift */; };
		FB47830326CBC4C300CEB444 /* CoreDataManager.swift in Sources */ = {isa = PBXBuildFile; fileRef = FB47830226CBC4C300CEB444 /* CoreDataManager.swift */; };
		FB47830826CC161700CEB444 /* DownloadViewController.swift in Sources */ = {isa = PBXBuildFile; fileRef = FB47830726CC161700CEB444 /* DownloadViewController.swift */; };
		FB5D30A326CB015A00096578 /* CharacterCoreDataModel.xcdatamodeld in Sources */ = {isa = PBXBuildFile; fileRef = FB5D30A126CB015A00096578 /* CharacterCoreDataModel.xcdatamodeld */; };
		FB6BC03D269B120B00F95DD3 /* AppDelegate.swift in Sources */ = {isa = PBXBuildFile; fileRef = FB6BC03C269B120B00F95DD3 /* AppDelegate.swift */; };
		FB6BC03F269B120B00F95DD3 /* SceneDelegate.swift in Sources */ = {isa = PBXBuildFile; fileRef = FB6BC03E269B120B00F95DD3 /* SceneDelegate.swift */; };
		FB6BC041269B120B00F95DD3 /* MainViewController.swift in Sources */ = {isa = PBXBuildFile; fileRef = FB6BC040269B120B00F95DD3 /* MainViewController.swift */; };
		FB6BC044269B120B00F95DD3 /* Main.storyboard in Resources */ = {isa = PBXBuildFile; fileRef = FB6BC042269B120B00F95DD3 /* Main.storyboard */; };
		FB6BC046269B120C00F95DD3 /* Assets.xcassets in Resources */ = {isa = PBXBuildFile; fileRef = FB6BC045269B120C00F95DD3 /* Assets.xcassets */; };
		FB6BC049269B120C00F95DD3 /* LaunchScreen.storyboard in Resources */ = {isa = PBXBuildFile; fileRef = FB6BC047269B120C00F95DD3 /* LaunchScreen.storyboard */; };
		FBBC8D74269DB20B00323310 /* UIImageView.swift in Sources */ = {isa = PBXBuildFile; fileRef = FBBC8D73269DB20B00323310 /* UIImageView.swift */; };
		FBBC8D7F269DF91D00323310 /* CharacterLocationModel.swift in Sources */ = {isa = PBXBuildFile; fileRef = FBBC8D7E269DF91D00323310 /* CharacterLocationModel.swift */; };
		FBC9BD32269B949B0049C291 /* CharactersPageModel.swift in Sources */ = {isa = PBXBuildFile; fileRef = FBC9BD31269B949B0049C291 /* CharactersPageModel.swift */; };
		FBEDC8C326A091B7006A913E /* DetailViewModel.swift in Sources */ = {isa = PBXBuildFile; fileRef = FBEDC8C226A091B7006A913E /* DetailViewModel.swift */; };
		FBF0128C26A9ED3000C63708 /* CharactersEpisodesModel.swift in Sources */ = {isa = PBXBuildFile; fileRef = FBF0128B26A9ED3000C63708 /* CharactersEpisodesModel.swift */; };
		FBF0128E26A9F4CE00C63708 /* CharacterCardModel.swift in Sources */ = {isa = PBXBuildFile; fileRef = FBF0128D26A9F4CE00C63708 /* CharacterCardModel.swift */; };
		FBFFFC8D26A1CD8800C3BDD0 /* MainViewModel.swift in Sources */ = {isa = PBXBuildFile; fileRef = FBFFFC8C26A1CD8800C3BDD0 /* MainViewModel.swift */; };
/* End PBXBuildFile section */

/* Begin PBXFileReference section */
		FB1496FC26E5BBC60072FA6E /* CharacterObject+CoreDataClass.swift */ = {isa = PBXFileReference; lastKnownFileType = sourcecode.swift; path = "CharacterObject+CoreDataClass.swift"; sourceTree = "<group>"; };
		FB1496FD26E5BBC60072FA6E /* CharacterObject+CoreDataProperties.swift */ = {isa = PBXFileReference; lastKnownFileType = sourcecode.swift; path = "CharacterObject+CoreDataProperties.swift"; sourceTree = "<group>"; };
		FB1496FE26E5BBC60072FA6E /* LocationObject+CoreDataClass.swift */ = {isa = PBXFileReference; lastKnownFileType = sourcecode.swift; path = "LocationObject+CoreDataClass.swift"; sourceTree = "<group>"; };
		FB1496FF26E5BBC60072FA6E /* LocationObject+CoreDataProperties.swift */ = {isa = PBXFileReference; lastKnownFileType = sourcecode.swift; path = "LocationObject+CoreDataProperties.swift"; sourceTree = "<group>"; };
		FB14970026E5BBC60072FA6E /* EpisodeObject+CoreDataClass.swift */ = {isa = PBXFileReference; lastKnownFileType = sourcecode.swift; path = "EpisodeObject+CoreDataClass.swift"; sourceTree = "<group>"; };
		FB14970126E5BBC60072FA6E /* EpisodeObject+CoreDataProperties.swift */ = {isa = PBXFileReference; lastKnownFileType = sourcecode.swift; path = "EpisodeObject+CoreDataProperties.swift"; sourceTree = "<group>"; };
		FB1C9B80269B14CD00543F0A /* DetailViewController.swift */ = {isa = PBXFileReference; lastKnownFileType = sourcecode.swift; path = DetailViewController.swift; sourceTree = "<group>"; };
		FB1C9B82269B282600543F0A /* CharacterTableViewCell.swift */ = {isa = PBXFileReference; lastKnownFileType = sourcecode.swift; path = CharacterTableViewCell.swift; sourceTree = "<group>"; };
		FB1C9B83269B282600543F0A /* CharacterTableViewCell.xib */ = {isa = PBXFileReference; lastKnownFileType = file.xib; path = CharacterTableViewCell.xib; sourceTree = "<group>"; };
		FB1C9B88269B702700543F0A /* NetworkService.swift */ = {isa = PBXFileReference; lastKnownFileType = sourcecode.swift; path = NetworkService.swift; sourceTree = "<group>"; };
		FB2460A826CC78E500F0E8D5 /* NSManagedObject.swift */ = {isa = PBXFileReference; lastKnownFileType = sourcecode.swift; path = NSManagedObject.swift; sourceTree = "<group>"; };
		FB47830226CBC4C300CEB444 /* CoreDataManager.swift */ = {isa = PBXFileReference; lastKnownFileType = sourcecode.swift; path = CoreDataManager.swift; sourceTree = "<group>"; };
		FB47830726CC161700CEB444 /* DownloadViewController.swift */ = {isa = PBXFileReference; lastKnownFileType = sourcecode.swift; path = DownloadViewController.swift; sourceTree = "<group>"; };
		FB5D30A226CB015A00096578 /* CharacterCoreDataModel.xcdatamodel */ = {isa = PBXFileReference; lastKnownFileType = wrapper.xcdatamodel; path = CharacterCoreDataModel.xcdatamodel; sourceTree = "<group>"; };
		FB6BC039269B120B00F95DD3 /* Task_3.app */ = {isa = PBXFileReference; explicitFileType = wrapper.application; includeInIndex = 0; path = Task_3.app; sourceTree = BUILT_PRODUCTS_DIR; };
		FB6BC03C269B120B00F95DD3 /* AppDelegate.swift */ = {isa = PBXFileReference; lastKnownFileType = sourcecode.swift; path = AppDelegate.swift; sourceTree = "<group>"; };
		FB6BC03E269B120B00F95DD3 /* SceneDelegate.swift */ = {isa = PBXFileReference; lastKnownFileType = sourcecode.swift; path = SceneDelegate.swift; sourceTree = "<group>"; };
		FB6BC040269B120B00F95DD3 /* MainViewController.swift */ = {isa = PBXFileReference; lastKnownFileType = sourcecode.swift; path = MainViewController.swift; sourceTree = "<group>"; };
		FB6BC043269B120B00F95DD3 /* Base */ = {isa = PBXFileReference; lastKnownFileType = file.storyboard; name = Base; path = Base.lproj/Main.storyboard; sourceTree = "<group>"; };
		FB6BC045269B120C00F95DD3 /* Assets.xcassets */ = {isa = PBXFileReference; lastKnownFileType = folder.assetcatalog; path = Assets.xcassets; sourceTree = "<group>"; };
		FB6BC048269B120C00F95DD3 /* Base */ = {isa = PBXFileReference; lastKnownFileType = file.storyboard; name = Base; path = Base.lproj/LaunchScreen.storyboard; sourceTree = "<group>"; };
		FB6BC04A269B120C00F95DD3 /* Info.plist */ = {isa = PBXFileReference; lastKnownFileType = text.plist.xml; path = Info.plist; sourceTree = "<group>"; };
		FBBC8D73269DB20B00323310 /* UIImageView.swift */ = {isa = PBXFileReference; lastKnownFileType = sourcecode.swift; path = UIImageView.swift; sourceTree = "<group>"; };
		FBBC8D7E269DF91D00323310 /* CharacterLocationModel.swift */ = {isa = PBXFileReference; lastKnownFileType = sourcecode.swift; path = CharacterLocationModel.swift; sourceTree = "<group>"; };
		FBC9BD31269B949B0049C291 /* CharactersPageModel.swift */ = {isa = PBXFileReference; lastKnownFileType = sourcecode.swift; path = CharactersPageModel.swift; sourceTree = "<group>"; };
		FBEDC8C226A091B7006A913E /* DetailViewModel.swift */ = {isa = PBXFileReference; lastKnownFileType = sourcecode.swift; path = DetailViewModel.swift; sourceTree = "<group>"; };
		FBF0128B26A9ED3000C63708 /* CharactersEpisodesModel.swift */ = {isa = PBXFileReference; lastKnownFileType = sourcecode.swift; path = CharactersEpisodesModel.swift; sourceTree = "<group>"; };
		FBF0128D26A9F4CE00C63708 /* CharacterCardModel.swift */ = {isa = PBXFileReference; lastKnownFileType = sourcecode.swift; path = CharacterCardModel.swift; sourceTree = "<group>"; };
		FBFFFC8C26A1CD8800C3BDD0 /* MainViewModel.swift */ = {isa = PBXFileReference; lastKnownFileType = sourcecode.swift; path = MainViewModel.swift; sourceTree = "<group>"; };
/* End PBXFileReference section */

/* Begin PBXFrameworksBuildPhase section */
		FB6BC036269B120B00F95DD3 /* Frameworks */ = {
			isa = PBXFrameworksBuildPhase;
			buildActionMask = 2147483647;
			files = (
			);
			runOnlyForDeploymentPostprocessing = 0;
		};
/* End PBXFrameworksBuildPhase section */

/* Begin PBXGroup section */
		FB1C9B86269B4E9E00543F0A /* Storyboards */ = {
			isa = PBXGroup;
			children = (
				FB6BC042269B120B00F95DD3 /* Main.storyboard */,
				FB6BC047269B120C00F95DD3 /* LaunchScreen.storyboard */,
			);
			path = Storyboards;
			sourceTree = "<group>";
		};
		FB1C9B87269B4ECE00543F0A /* SupportingFiles */ = {
			isa = PBXGroup;
			children = (
				FB6BC03C269B120B00F95DD3 /* AppDelegate.swift */,
				FB6BC03E269B120B00F95DD3 /* SceneDelegate.swift */,
			);
			path = SupportingFiles;
			sourceTree = "<group>";
		};
		FB4782FF26CBC48800CEB444 /* Character */ = {
			isa = PBXGroup;
			children = (
				FB1496FC26E5BBC60072FA6E /* CharacterObject+CoreDataClass.swift */,
				FB1496FD26E5BBC60072FA6E /* CharacterObject+CoreDataProperties.swift */,
			);
			path = Character;
			sourceTree = "<group>";
		};
		FB47830026CBC49A00CEB444 /* Episode */ = {
			isa = PBXGroup;
			children = (
				FB14970026E5BBC60072FA6E /* EpisodeObject+CoreDataClass.swift */,
				FB14970126E5BBC60072FA6E /* EpisodeObject+CoreDataProperties.swift */,
			);
			path = Episode;
			sourceTree = "<group>";
		};
		FB47830126CBC4A000CEB444 /* Location */ = {
			isa = PBXGroup;
			children = (
				FB1496FE26E5BBC60072FA6E /* LocationObject+CoreDataClass.swift */,
				FB1496FF26E5BBC60072FA6E /* LocationObject+CoreDataProperties.swift */,
			);
			path = Location;
			sourceTree = "<group>";
		};
		FB47830426CC15D000CEB444 /* DownloadViewController */ = {
			isa = PBXGroup;
			children = (
				FB47830726CC161700CEB444 /* DownloadViewController.swift */,
			);
			path = DownloadViewController;
			sourceTree = "<group>";
		};
		FB5D30B026CB227800096578 /* CoreDataFiles */ = {
			isa = PBXGroup;
			children = (
				FB47830126CBC4A000CEB444 /* Location */,
				FB47830026CBC49A00CEB444 /* Episode */,
				FB4782FF26CBC48800CEB444 /* Character */,
			);
			path = CoreDataFiles;
			sourceTree = "<group>";
		};
		FB6BC030269B120B00F95DD3 = {
			isa = PBXGroup;
			children = (
				FB6BC03B269B120B00F95DD3 /* Task_3 */,
				FB6BC03A269B120B00F95DD3 /* Products */,
			);
			sourceTree = "<group>";
		};
		FB6BC03A269B120B00F95DD3 /* Products */ = {
			isa = PBXGroup;
			children = (
				FB6BC039269B120B00F95DD3 /* Task_3.app */,
			);
			name = Products;
			sourceTree = "<group>";
		};
		FB6BC03B269B120B00F95DD3 /* Task_3 */ = {
			isa = PBXGroup;
			children = (
				FBBC8D76269DF7EE00323310 /* MainViewController */,
				FBBC8D79269DF81E00323310 /* DetailViewController */,
				FB47830426CC15D000CEB444 /* DownloadViewController */,
				FBBC8D7C269DF85800323310 /* Services */,
				FBBC8D75269DB21400323310 /* Extensions */,
				FB1C9B86269B4E9E00543F0A /* Storyboards */,
				FB5D30B026CB227800096578 /* CoreDataFiles */,
				FB1C9B87269B4ECE00543F0A /* SupportingFiles */,
				FB6BC045269B120C00F95DD3 /* Assets.xcassets */,
				FB5D30A126CB015A00096578 /* CharacterCoreDataModel.xcdatamodeld */,
				FB6BC04A269B120C00F95DD3 /* Info.plist */,
			);
			path = Task_3;
			sourceTree = "<group>";
		};
		FB7CD38A26ACDCFF00280FAF /* Data */ = {
			isa = PBXGroup;
			children = (
				FBBC8D7E269DF91D00323310 /* CharacterLocationModel.swift */,
				FBF0128B26A9ED3000C63708 /* CharactersEpisodesModel.swift */,
				FBF0128D26A9F4CE00C63708 /* CharacterCardModel.swift */,
			);
			path = Data;
			sourceTree = "<group>";
		};
		FB7CD38B26ACDD2200280FAF /* Data */ = {
			isa = PBXGroup;
			children = (
				FBC9BD31269B949B0049C291 /* CharactersPageModel.swift */,
			);
			path = Data;
			sourceTree = "<group>";
		};
		FBBC8D75269DB21400323310 /* Extensions */ = {
			isa = PBXGroup;
			children = (
				FBBC8D73269DB20B00323310 /* UIImageView.swift */,
				FB2460A826CC78E500F0E8D5 /* NSManagedObject.swift */,
			);
			path = Extensions;
			sourceTree = "<group>";
		};
		FBBC8D76269DF7EE00323310 /* MainViewController */ = {
			isa = PBXGroup;
			children = (
				FBBC8D77269DF80200323310 /* View */,
				FBBC8D78269DF80C00323310 /* Model */,
			);
			path = MainViewController;
			sourceTree = "<group>";
		};
		FBBC8D77269DF80200323310 /* View */ = {
			isa = PBXGroup;
			children = (
				FB6BC040269B120B00F95DD3 /* MainViewController.swift */,
				FBD1B5FE26A9740D005A46E3 /* Cells */,
			);
			path = View;
			sourceTree = "<group>";
		};
		FBBC8D78269DF80C00323310 /* Model */ = {
			isa = PBXGroup;
			children = (
				FBFFFC8C26A1CD8800C3BDD0 /* MainViewModel.swift */,
				FB7CD38B26ACDD2200280FAF /* Data */,
			);
			path = Model;
			sourceTree = "<group>";
		};
		FBBC8D79269DF81E00323310 /* DetailViewController */ = {
			isa = PBXGroup;
			children = (
				FBBC8D7A269DF84400323310 /* View */,
				FBBC8D7B269DF84B00323310 /* Model */,
			);
			path = DetailViewController;
			sourceTree = "<group>";
		};
		FBBC8D7A269DF84400323310 /* View */ = {
			isa = PBXGroup;
			children = (
				FB1C9B80269B14CD00543F0A /* DetailViewController.swift */,
			);
			path = View;
			sourceTree = "<group>";
		};
		FBBC8D7B269DF84B00323310 /* Model */ = {
			isa = PBXGroup;
			children = (
				FBEDC8C226A091B7006A913E /* DetailViewModel.swift */,
				FB7CD38A26ACDCFF00280FAF /* Data */,
			);
			path = Model;
			sourceTree = "<group>";
		};
		FBBC8D7C269DF85800323310 /* Services */ = {
			isa = PBXGroup;
			children = (
				FB1C9B88269B702700543F0A /* NetworkService.swift */,
				FB47830226CBC4C300CEB444 /* CoreDataManager.swift */,
			);
			path = Services;
			sourceTree = "<group>";
		};
		FBD1B5FE26A9740D005A46E3 /* Cells */ = {
			isa = PBXGroup;
			children = (
				FB1C9B82269B282600543F0A /* CharacterTableViewCell.swift */,
				FB1C9B83269B282600543F0A /* CharacterTableViewCell.xib */,
			);
			path = Cells;
			sourceTree = "<group>";
		};
/* End PBXGroup section */

/* Begin PBXNativeTarget section */
		FB6BC038269B120B00F95DD3 /* Task_3 */ = {
			isa = PBXNativeTarget;
			buildConfigurationList = FB6BC04D269B120C00F95DD3 /* Build configuration list for PBXNativeTarget "Task_3" */;
			buildPhases = (
				FB6BC035269B120B00F95DD3 /* Sources */,
				FB6BC036269B120B00F95DD3 /* Frameworks */,
				FB6BC037269B120B00F95DD3 /* Resources */,
				FB7CD38926ACD23B00280FAF /* SwiftLint */,
			);
			buildRules = (
			);
			dependencies = (
			);
			name = Task_3;
			productName = Task_3;
			productReference = FB6BC039269B120B00F95DD3 /* Task_3.app */;
			productType = "com.apple.product-type.application";
		};
/* End PBXNativeTarget section */

/* Begin PBXProject section */
		FB6BC031269B120B00F95DD3 /* Project object */ = {
			isa = PBXProject;
			attributes = {
				LastSwiftUpdateCheck = 1250;
				LastUpgradeCheck = 1250;
				TargetAttributes = {
					FB6BC038269B120B00F95DD3 = {
						CreatedOnToolsVersion = 12.5;
					};
				};
			};
			buildConfigurationList = FB6BC034269B120B00F95DD3 /* Build configuration list for PBXProject "Task_3" */;
			compatibilityVersion = "Xcode 9.3";
			developmentRegion = en;
			hasScannedForEncodings = 0;
			knownRegions = (
				en,
				Base,
			);
			mainGroup = FB6BC030269B120B00F95DD3;
			productRefGroup = FB6BC03A269B120B00F95DD3 /* Products */;
			projectDirPath = "";
			projectRoot = "";
			targets = (
				FB6BC038269B120B00F95DD3 /* Task_3 */,
			);
		};
/* End PBXProject section */

/* Begin PBXResourcesBuildPhase section */
		FB6BC037269B120B00F95DD3 /* Resources */ = {
			isa = PBXResourcesBuildPhase;
			buildActionMask = 2147483647;
			files = (
				FB6BC049269B120C00F95DD3 /* LaunchScreen.storyboard in Resources */,
				FB6BC046269B120C00F95DD3 /* Assets.xcassets in Resources */,
				FB6BC044269B120B00F95DD3 /* Main.storyboard in Resources */,
				FB1C9B85269B282600543F0A /* CharacterTableViewCell.xib in Resources */,
			);
			runOnlyForDeploymentPostprocessing = 0;
		};
/* End PBXResourcesBuildPhase section */

/* Begin PBXShellScriptBuildPhase section */
		FB7CD38926ACD23B00280FAF /* SwiftLint */ = {
			isa = PBXShellScriptBuildPhase;
			buildActionMask = 2147483647;
			files = (
			);
			inputFileListPaths = (
			);
			inputPaths = (
			);
			name = SwiftLint;
			outputFileListPaths = (
			);
			outputPaths = (
			);
			runOnlyForDeploymentPostprocessing = 0;
			shellPath = /bin/sh;
			shellScript = "if which swiftlint >/dev/null; then\n  swiftlint\nelse\n  echo \"error: SwiftLint does not exist, download it from https://github.com/realm/SwiftLint\"\n  exit 1\nfi\n\n";
		};
/* End PBXShellScriptBuildPhase section */

/* Begin PBXSourcesBuildPhase section */
		FB6BC035269B120B00F95DD3 /* Sources */ = {
			isa = PBXSourcesBuildPhase;
			buildActionMask = 2147483647;
			files = (
				FBBC8D74269DB20B00323310 /* UIImageView.swift in Sources */,
				FBC9BD32269B949B0049C291 /* CharactersPageModel.swift in Sources */,
				FB14970426E5BBC60072FA6E /* LocationObject+CoreDataClass.swift in Sources */,
				FB5D30A326CB015A00096578 /* CharacterCoreDataModel.xcdatamodeld in Sources */,
				FB6BC041269B120B00F95DD3 /* MainViewController.swift in Sources */,
				FBEDC8C326A091B7006A913E /* DetailViewModel.swift in Sources */,
				FB14970526E5BBC60072FA6E /* LocationObject+CoreDataProperties.swift in Sources */,
				FBF0128E26A9F4CE00C63708 /* CharacterCardModel.swift in Sources */,
				FB47830326CBC4C300CEB444 /* CoreDataManager.swift in Sources */,
				FB6BC03D269B120B00F95DD3 /* AppDelegate.swift in Sources */,
				FB14970326E5BBC60072FA6E /* CharacterObject+CoreDataProperties.swift in Sources */,
				FB2460A926CC78E500F0E8D5 /* NSManagedObject.swift in Sources */,
				FB1C9B84269B282600543F0A /* CharacterTableViewCell.swift in Sources */,
				FB14970226E5BBC60072FA6E /* CharacterObject+CoreDataClass.swift in Sources */,
				FB1C9B89269B702700543F0A /* NetworkService.swift in Sources */,
				FBF0128C26A9ED3000C63708 /* CharactersEpisodesModel.swift in Sources */,
				FB6BC03F269B120B00F95DD3 /* SceneDelegate.swift in Sources */,
				FB14970626E5BBC60072FA6E /* EpisodeObject+CoreDataClass.swift in Sources */,
				FB1C9B81269B14CD00543F0A /* DetailViewController.swift in Sources */,
				FB47830826CC161700CEB444 /* DownloadViewController.swift in Sources */,
				FB14970726E5BBC60072FA6E /* EpisodeObject+CoreDataProperties.swift in Sources */,
				FBBC8D7F269DF91D00323310 /* CharacterLocationModel.swift in Sources */,
				FBFFFC8D26A1CD8800C3BDD0 /* MainViewModel.swift in Sources */,
			);
			runOnlyForDeploymentPostprocessing = 0;
		};
/* End PBXSourcesBuildPhase section */

/* Begin PBXVariantGroup section */
		FB6BC042269B120B00F95DD3 /* Main.storyboard */ = {
			isa = PBXVariantGroup;
			children = (
				FB6BC043269B120B00F95DD3 /* Base */,
			);
			name = Main.storyboard;
			sourceTree = "<group>";
		};
		FB6BC047269B120C00F95DD3 /* LaunchScreen.storyboard */ = {
			isa = PBXVariantGroup;
			children = (
				FB6BC048269B120C00F95DD3 /* Base */,
			);
			name = LaunchScreen.storyboard;
			sourceTree = "<group>";
		};
/* End PBXVariantGroup section */

/* Begin XCBuildConfiguration section */
		FB6BC04B269B120C00F95DD3 /* Debug */ = {
			isa = XCBuildConfiguration;
			buildSettings = {
				ALWAYS_SEARCH_USER_PATHS = NO;
				CLANG_ANALYZER_NONNULL = YES;
				CLANG_ANALYZER_NUMBER_OBJECT_CONVERSION = YES_AGGRESSIVE;
				CLANG_CXX_LANGUAGE_STANDARD = "gnu++14";
				CLANG_CXX_LIBRARY = "libc++";
				CLANG_ENABLE_MODULES = YES;
				CLANG_ENABLE_OBJC_ARC = YES;
				CLANG_ENABLE_OBJC_WEAK = YES;
				CLANG_WARN_BLOCK_CAPTURE_AUTORELEASING = YES;
				CLANG_WARN_BOOL_CONVERSION = YES;
				CLANG_WARN_COMMA = YES;
				CLANG_WARN_CONSTANT_CONVERSION = YES;
				CLANG_WARN_DEPRECATED_OBJC_IMPLEMENTATIONS = YES;
				CLANG_WARN_DIRECT_OBJC_ISA_USAGE = YES_ERROR;
				CLANG_WARN_DOCUMENTATION_COMMENTS = YES;
				CLANG_WARN_EMPTY_BODY = YES;
				CLANG_WARN_ENUM_CONVERSION = YES;
				CLANG_WARN_INFINITE_RECURSION = YES;
				CLANG_WARN_INT_CONVERSION = YES;
				CLANG_WARN_NON_LITERAL_NULL_CONVERSION = YES;
				CLANG_WARN_OBJC_IMPLICIT_RETAIN_SELF = YES;
				CLANG_WARN_OBJC_LITERAL_CONVERSION = YES;
				CLANG_WARN_OBJC_ROOT_CLASS = YES_ERROR;
				CLANG_WARN_QUOTED_INCLUDE_IN_FRAMEWORK_HEADER = YES;
				CLANG_WARN_RANGE_LOOP_ANALYSIS = YES;
				CLANG_WARN_STRICT_PROTOTYPES = YES;
				CLANG_WARN_SUSPICIOUS_MOVE = YES;
				CLANG_WARN_UNGUARDED_AVAILABILITY = YES_AGGRESSIVE;
				CLANG_WARN_UNREACHABLE_CODE = YES;
				CLANG_WARN__DUPLICATE_METHOD_MATCH = YES;
				COPY_PHASE_STRIP = NO;
				DEBUG_INFORMATION_FORMAT = dwarf;
				ENABLE_STRICT_OBJC_MSGSEND = YES;
				ENABLE_TESTABILITY = YES;
				GCC_C_LANGUAGE_STANDARD = gnu11;
				GCC_DYNAMIC_NO_PIC = NO;
				GCC_NO_COMMON_BLOCKS = YES;
				GCC_OPTIMIZATION_LEVEL = 0;
				GCC_PREPROCESSOR_DEFINITIONS = (
					"DEBUG=1",
					"$(inherited)",
				);
				GCC_WARN_64_TO_32_BIT_CONVERSION = YES;
				GCC_WARN_ABOUT_RETURN_TYPE = YES_ERROR;
				GCC_WARN_UNDECLARED_SELECTOR = YES;
				GCC_WARN_UNINITIALIZED_AUTOS = YES_AGGRESSIVE;
				GCC_WARN_UNUSED_FUNCTION = YES;
				GCC_WARN_UNUSED_VARIABLE = YES;
				IPHONEOS_DEPLOYMENT_TARGET = 14.5;
				MTL_ENABLE_DEBUG_INFO = INCLUDE_SOURCE;
				MTL_FAST_MATH = YES;
				ONLY_ACTIVE_ARCH = YES;
				SDKROOT = iphoneos;
				SWIFT_ACTIVE_COMPILATION_CONDITIONS = DEBUG;
				SWIFT_OPTIMIZATION_LEVEL = "-Onone";
			};
			name = Debug;
		};
		FB6BC04C269B120C00F95DD3 /* Release */ = {
			isa = XCBuildConfiguration;
			buildSettings = {
				ALWAYS_SEARCH_USER_PATHS = NO;
				CLANG_ANALYZER_NONNULL = YES;
				CLANG_ANALYZER_NUMBER_OBJECT_CONVERSION = YES_AGGRESSIVE;
				CLANG_CXX_LANGUAGE_STANDARD = "gnu++14";
				CLANG_CXX_LIBRARY = "libc++";
				CLANG_ENABLE_MODULES = YES;
				CLANG_ENABLE_OBJC_ARC = YES;
				CLANG_ENABLE_OBJC_WEAK = YES;
				CLANG_WARN_BLOCK_CAPTURE_AUTORELEASING = YES;
				CLANG_WARN_BOOL_CONVERSION = YES;
				CLANG_WARN_COMMA = YES;
				CLANG_WARN_CONSTANT_CONVERSION = YES;
				CLANG_WARN_DEPRECATED_OBJC_IMPLEMENTATIONS = YES;
				CLANG_WARN_DIRECT_OBJC_ISA_USAGE = YES_ERROR;
				CLANG_WARN_DOCUMENTATION_COMMENTS = YES;
				CLANG_WARN_EMPTY_BODY = YES;
				CLANG_WARN_ENUM_CONVERSION = YES;
				CLANG_WARN_INFINITE_RECURSION = YES;
				CLANG_WARN_INT_CONVERSION = YES;
				CLANG_WARN_NON_LITERAL_NULL_CONVERSION = YES;
				CLANG_WARN_OBJC_IMPLICIT_RETAIN_SELF = YES;
				CLANG_WARN_OBJC_LITERAL_CONVERSION = YES;
				CLANG_WARN_OBJC_ROOT_CLASS = YES_ERROR;
				CLANG_WARN_QUOTED_INCLUDE_IN_FRAMEWORK_HEADER = YES;
				CLANG_WARN_RANGE_LOOP_ANALYSIS = YES;
				CLANG_WARN_STRICT_PROTOTYPES = YES;
				CLANG_WARN_SUSPICIOUS_MOVE = YES;
				CLANG_WARN_UNGUARDED_AVAILABILITY = YES_AGGRESSIVE;
				CLANG_WARN_UNREACHABLE_CODE = YES;
				CLANG_WARN__DUPLICATE_METHOD_MATCH = YES;
				COPY_PHASE_STRIP = NO;
				DEBUG_INFORMATION_FORMAT = "dwarf-with-dsym";
				ENABLE_NS_ASSERTIONS = NO;
				ENABLE_STRICT_OBJC_MSGSEND = YES;
				GCC_C_LANGUAGE_STANDARD = gnu11;
				GCC_NO_COMMON_BLOCKS = YES;
				GCC_WARN_64_TO_32_BIT_CONVERSION = YES;
				GCC_WARN_ABOUT_RETURN_TYPE = YES_ERROR;
				GCC_WARN_UNDECLARED_SELECTOR = YES;
				GCC_WARN_UNINITIALIZED_AUTOS = YES_AGGRESSIVE;
				GCC_WARN_UNUSED_FUNCTION = YES;
				GCC_WARN_UNUSED_VARIABLE = YES;
				IPHONEOS_DEPLOYMENT_TARGET = 14.5;
				MTL_ENABLE_DEBUG_INFO = NO;
				MTL_FAST_MATH = YES;
				SDKROOT = iphoneos;
				SWIFT_COMPILATION_MODE = wholemodule;
				SWIFT_OPTIMIZATION_LEVEL = "-O";
				VALIDATE_PRODUCT = YES;
			};
			name = Release;
		};
		FB6BC04E269B120C00F95DD3 /* Debug */ = {
			isa = XCBuildConfiguration;
			buildSettings = {
				ASSETCATALOG_COMPILER_APPICON_NAME = AppIcon;
				ASSETCATALOG_COMPILER_GLOBAL_ACCENT_COLOR_NAME = AccentColor;
				CODE_SIGN_STYLE = Automatic;
				INFOPLIST_FILE = Task_3/Info.plist;
				LD_RUNPATH_SEARCH_PATHS = (
					"$(inherited)",
					"@executable_path/Frameworks",
				);
				PRODUCT_BUNDLE_IDENTIFIER = "devrealkir.Task-3";
				PRODUCT_NAME = "$(TARGET_NAME)";
				SWIFT_VERSION = 5.0;
				TARGETED_DEVICE_FAMILY = 1;
			};
			name = Debug;
		};
		FB6BC04F269B120C00F95DD3 /* Release */ = {
			isa = XCBuildConfiguration;
			buildSettings = {
				ASSETCATALOG_COMPILER_APPICON_NAME = AppIcon;
				ASSETCATALOG_COMPILER_GLOBAL_ACCENT_COLOR_NAME = AccentColor;
				CODE_SIGN_STYLE = Automatic;
				INFOPLIST_FILE = Task_3/Info.plist;
				LD_RUNPATH_SEARCH_PATHS = (
					"$(inherited)",
					"@executable_path/Frameworks",
				);
				PRODUCT_BUNDLE_IDENTIFIER = "devrealkir.Task-3";
				PRODUCT_NAME = "$(TARGET_NAME)";
				SWIFT_VERSION = 5.0;
				TARGETED_DEVICE_FAMILY = 1;
			};
			name = Release;
		};
/* End XCBuildConfiguration section */

/* Begin XCConfigurationList section */
		FB6BC034269B120B00F95DD3 /* Build configuration list for PBXProject "Task_3" */ = {
			isa = XCConfigurationList;
			buildConfigurations = (
				FB6BC04B269B120C00F95DD3 /* Debug */,
				FB6BC04C269B120C00F95DD3 /* Release */,
			);
			defaultConfigurationIsVisible = 0;
			defaultConfigurationName = Release;
		};
		FB6BC04D269B120C00F95DD3 /* Build configuration list for PBXNativeTarget "Task_3" */ = {
			isa = XCConfigurationList;
			buildConfigurations = (
				FB6BC04E269B120C00F95DD3 /* Debug */,
				FB6BC04F269B120C00F95DD3 /* Release */,
			);
			defaultConfigurationIsVisible = 0;
			defaultConfigurationName = Release;
		};
/* End XCConfigurationList section */

/* Begin XCVersionGroup section */
		FB5D30A126CB015A00096578 /* CharacterCoreDataModel.xcdatamodeld */ = {
			isa = XCVersionGroup;
			children = (
				FB5D30A226CB015A00096578 /* CharacterCoreDataModel.xcdatamodel */,
			);
			currentVersion = FB5D30A226CB015A00096578 /* CharacterCoreDataModel.xcdatamodel */;
			path = CharacterCoreDataModel.xcdatamodeld;
			sourceTree = "<group>";
			versionGroupType = wrapper.xcdatamodel;
		};
/* End XCVersionGroup section */
	};
	rootObject = FB6BC031269B120B00F95DD3 /* Project object */;
}
